
Microsoft Visual Studio Solution File, Format Version 12.00
# Visual Studio Version 17
VisualStudioVersion = 17.12.35514.174
MinimumVisualStudioVersion = 10.0.40219.1
Project("{FAE04EC0-301F-11D3-BF4B-00C04F79EFBC}") = "TaxiDriver.Domain", "TaxiDriver.Domain\TaxiDriver.Domain.csproj", "{2C5D958C-083C-4F28-9CF7-ADC8C0A74BA5}"
EndProject
Project("{FAE04EC0-301F-11D3-BF4B-00C04F79EFBC}") = "TaxiDriver.Persistance", "TaxiDriver.Persistance\TaxiDriver.Persistance.csproj", "{06623D9D-7198-4A64-94DA-FEA044865F84}"
EndProject
Project("{FAE04EC0-301F-11D3-BF4B-00C04F79EFBC}") = "TaxiDriver.Api", "TaxiDriver.Api\TaxiDriver.Api.csproj", "{550D8A14-C173-4AA8-AEEE-07FBF77A3A68}"
EndProject
Global
	GlobalSection(SolutionConfigurationPlatforms) = preSolution
		Debug|Any CPU = Debug|Any CPU
		Release|Any CPU = Release|Any CPU
	EndGlobalSection
	GlobalSection(ProjectConfigurationPlatforms) = postSolution
		{2C5D958C-083C-4F28-9CF7-ADC8C0A74BA5}.Debug|Any CPU.ActiveCfg = Debug|Any CPU
		{2C5D958C-083C-4F28-9CF7-ADC8C0A74BA5}.Debug|Any CPU.Build.0 = Debug|Any CPU
		{2C5D958C-083C-4F28-9CF7-ADC8C0A74BA5}.Release|Any CPU.ActiveCfg = Release|Any CPU
		{2C5D958C-083C-4F28-9CF7-ADC8C0A74BA5}.Release|Any CPU.Build.0 = Release|Any CPU
		{06623D9D-7198-4A64-94DA-FEA044865F84}.Debug|Any CPU.ActiveCfg = Debug|Any CPU
		{06623D9D-7198-4A64-94DA-FEA044865F84}.Debug|Any CPU.Build.0 = Debug|Any CPU
		{06623D9D-7198-4A64-94DA-FEA044865F84}.Release|Any CPU.ActiveCfg = Release|Any CPU
		{06623D9D-7198-4A64-94DA-FEA044865F84}.Release|Any CPU.Build.0 = Release|Any CPU
		{550D8A14-C173-4AA8-AEEE-07FBF77A3A68}.Debug|Any CPU.ActiveCfg = Debug|Any CPU
		{550D8A14-C173-4AA8-AEEE-07FBF77A3A68}.Debug|Any CPU.Build.0 = Debug|Any CPU
		{550D8A14-C173-4AA8-AEEE-07FBF77A3A68}.Release|Any CPU.ActiveCfg = Release|Any CPU
		{550D8A14-C173-4AA8-AEEE-07FBF77A3A68}.Release|Any CPU.Build.0 = Release|Any CPU
	EndGlobalSection
	GlobalSection(SolutionProperties) = preSolution
		HideSolutionNode = FALSE
	EndGlobalSection
EndGlobal
